
Microsoft Visual Studio Solution File, Format Version 12.00
# Visual Studio Version 17
VisualStudioVersion = 17.1.32127.271
MinimumVisualStudioVersion = 10.0.40219.1
Project("{9A19103F-16F7-4668-BE54-9A1E7A4F7556}") = "CommunicationSystem", "CommunicationSystem\CommunicationSystem.csproj", "{DF67E83F-DB53-4FE9-A7D4-297EF58499A0}"
EndProject
Project("{FAE04EC0-301F-11D3-BF4B-00C04F79EFBC}") = "CommunicationSystem.Tests", "CommunicationSystem.Tests\CommunicationSystem.Tests.csproj", "{40C4405E-71CE-493D-9CDC-769227CFFEA4}"
EndProject
Global
	GlobalSection(SolutionConfigurationPlatforms) = preSolution
		Debug|Any CPU = Debug|Any CPU
		Release|Any CPU = Release|Any CPU
	EndGlobalSection
	GlobalSection(ProjectConfigurationPlatforms) = postSolution
		{DF67E83F-DB53-4FE9-A7D4-297EF58499A0}.Debug|Any CPU.ActiveCfg = Debug|Any CPU
		{DF67E83F-DB53-4FE9-A7D4-297EF58499A0}.Debug|Any CPU.Build.0 = Debug|Any CPU
		{DF67E83F-DB53-4FE9-A7D4-297EF58499A0}.Release|Any CPU.ActiveCfg = Release|Any CPU
		{DF67E83F-DB53-4FE9-A7D4-297EF58499A0}.Release|Any CPU.Build.0 = Release|Any CPU
		{40C4405E-71CE-493D-9CDC-769227CFFEA4}.Debug|Any CPU.ActiveCfg = Debug|Any CPU
		{40C4405E-71CE-493D-9CDC-769227CFFEA4}.Debug|Any CPU.Build.0 = Debug|Any CPU
		{40C4405E-71CE-493D-9CDC-769227CFFEA4}.Release|Any CPU.ActiveCfg = Release|Any CPU
		{40C4405E-71CE-493D-9CDC-769227CFFEA4}.Release|Any CPU.Build.0 = Release|Any CPU
	EndGlobalSection
	GlobalSection(SolutionProperties) = preSolution
		HideSolutionNode = FALSE
	EndGlobalSection
	GlobalSection(ExtensibilityGlobals) = postSolution
		SolutionGuid = {CF1F7448-AA3D-41D3-803A-D5D5689E0648}
	EndGlobalSection
EndGlobal
